
Microsoft Visual Studio Solution File, Format Version 12.00
# Visual Studio 15
Project("{FAE04EC0-301F-11D3-BF4B-00C04F79EFBC}") = "UnityEngine.TestRunner", "UnityEngine.TestRunner.csproj", "{8D30C626-880E-EB75-CE60-1A1A336A4B36}"
EndProject
Project("{FAE04EC0-301F-11D3-BF4B-00C04F79EFBC}") = "Unity.VisualScripting.Flow", "Unity.VisualScripting.Flow.csproj", "{FB4658B1-C11C-3B38-A877-6F81A3A79C21}"
EndProject
Project("{FAE04EC0-301F-11D3-BF4B-00C04F79EFBC}") = "Unity.VisualScripting.State", "Unity.VisualScripting.State.csproj", "{351B3CF8-9B89-3702-D5BD-D28185766E42}"
EndProject
Project("{FAE04EC0-301F-11D3-BF4B-00C04F79EFBC}") = "UnityEngine.UI", "UnityEngine.UI.csproj", "{8EA41A80-6066-A145-C955-C90780F357B5}"
EndProject
Project("{FAE04EC0-301F-11D3-BF4B-00C04F79EFBC}") = "Unity.VisualScripting.Core", "Unity.VisualScripting.Core.csproj", "{A5DE8B10-472B-75F0-6EBD-3002BAE0067D}"
EndProject
Project("{FAE04EC0-301F-11D3-BF4B-00C04F79EFBC}") = "Unity.TextMeshPro", "Unity.TextMeshPro.csproj", "{B32ECB52-5CD0-458E-5B43-45A4A6AB06C6}"
EndProject
Project("{FAE04EC0-301F-11D3-BF4B-00C04F79EFBC}") = "Unity.ProBuilder.Poly2Tri", "Unity.ProBuilder.Poly2Tri.csproj", "{8423A693-EFD8-5F5D-182B-6BDB62CF4B5A}"
EndProject
Project("{FAE04EC0-301F-11D3-BF4B-00C04F79EFBC}") = "Unity.Timeline", "Unity.Timeline.csproj", "{FC18396C-9E82-8F88-BC70-E78E66152A08}"
EndProject
Project("{FAE04EC0-301F-11D3-BF4B-00C04F79EFBC}") = "Unity.ProBuilder", "Unity.ProBuilder.csproj", "{51DE54C5-1C1C-102E-B236-2C652E717EF5}"
EndProject
Project("{FAE04EC0-301F-11D3-BF4B-00C04F79EFBC}") = "Unity.ProBuilder.Csg", "Unity.ProBuilder.Csg.csproj", "{0D77EFC6-4965-9DE1-586B-DEBCD897E3B8}"
EndProject
Project("{FAE04EC0-301F-11D3-BF4B-00C04F79EFBC}") = "Unity.ProBuilder.KdTree", "Unity.ProBuilder.KdTree.csproj", "{B15C2F15-C97C-92AF-B78E-C92EF8406693}"
EndProject
Project("{FAE04EC0-301F-11D3-BF4B-00C04F79EFBC}") = "Assembly-CSharp", "Assembly-CSharp.csproj", "{F63D0B86-DACC-83E3-EC5C-241E9FC7031C}"
EndProject
Project("{FAE04EC0-301F-11D3-BF4B-00C04F79EFBC}") = "Unity.ProBuilder.Stl", "Unity.ProBuilder.Stl.csproj", "{6E8F3311-F747-30DC-7A9D-270584DB2EF2}"
EndProject
Project("{FAE04EC0-301F-11D3-BF4B-00C04F79EFBC}") = "Unity.PlasticSCM.Editor", "Unity.PlasticSCM.Editor.csproj", "{BC8B4BC3-9F50-036C-62DC-3476827CC856}"
EndProject
Project("{FAE04EC0-301F-11D3-BF4B-00C04F79EFBC}") = "Unity.VisualScripting.Core.Editor", "Unity.VisualScripting.Core.Editor.csproj", "{44345B01-AD2A-F784-9D49-10ACB95DB338}"
EndProject
Project("{FAE04EC0-301F-11D3-BF4B-00C04F79EFBC}") = "Unity.VisualScripting.Flow.Editor", "Unity.VisualScripting.Flow.Editor.csproj", "{C552D4B0-B99D-D3D7-A584-4A1BA5B9978C}"
EndProject
Project("{FAE04EC0-301F-11D3-BF4B-00C04F79EFBC}") = "Unity.VisualStudio.Editor", "Unity.VisualStudio.Editor.csproj", "{6ED9C6D3-CBE9-7F63-E77A-575E7C5AA468}"
EndProject
Project("{FAE04EC0-301F-11D3-BF4B-00C04F79EFBC}") = "Unity.ProBuilder.Editor", "Unity.ProBuilder.Editor.csproj", "{198F7031-4F1B-D6B0-1CA3-03C117A52AE7}"
EndProject
Project("{FAE04EC0-301F-11D3-BF4B-00C04F79EFBC}") = "Unity.Timeline.Editor", "Unity.Timeline.Editor.csproj", "{1E67148D-E4AA-CF2C-406E-275B9C451B59}"
EndProject
Project("{FAE04EC0-301F-11D3-BF4B-00C04F79EFBC}") = "Unity.VisualScripting.State.Editor", "Unity.VisualScripting.State.Editor.csproj", "{5E04F614-D423-1D06-5819-4D9958862C88}"
EndProject
Project("{FAE04EC0-301F-11D3-BF4B-00C04F79EFBC}") = "Unity.TextMeshPro.Editor", "Unity.TextMeshPro.Editor.csproj", "{09DEA396-A88B-3B39-F010-279446EC4CFE}"
EndProject
Project("{FAE04EC0-301F-11D3-BF4B-00C04F79EFBC}") = "Unity.VisualScripting.SettingsProvider.Editor", "Unity.VisualScripting.SettingsProvider.Editor.csproj", "{B735A036-D5D0-B9D7-653D-06A3298136BE}"
EndProject
Project("{FAE04EC0-301F-11D3-BF4B-00C04F79EFBC}") = "Unity.CollabProxy.Editor", "Unity.CollabProxy.Editor.csproj", "{4E3AE7CD-8C55-8547-A0C9-484B7C765906}"
EndProject
Project("{FAE04EC0-301F-11D3-BF4B-00C04F79EFBC}") = "UnityEditor.TestRunner", "UnityEditor.TestRunner.csproj", "{1EF09AE4-150A-A2E5-F541-841553E86DAF}"
EndProject
Project("{FAE04EC0-301F-11D3-BF4B-00C04F79EFBC}") = "Unity.Rider.Editor", "Unity.Rider.Editor.csproj", "{19FCED9A-4265-76A3-E9D6-9C3AD89358D8}"
EndProject
Project("{FAE04EC0-301F-11D3-BF4B-00C04F79EFBC}") = "Unity.Services.Core.Editor", "Unity.Services.Core.Editor.csproj", "{6D734F63-D3F5-9AF6-BCF9-2E0599424397}"
EndProject
Project("{FAE04EC0-301F-11D3-BF4B-00C04F79EFBC}") = "Unity.VSCode.Editor", "Unity.VSCode.Editor.csproj", "{87FB18E4-6587-AA1D-D424-0BF97EFA4560}"
EndProject
Project("{FAE04EC0-301F-11D3-BF4B-00C04F79EFBC}") = "Unity.ProBuilder.AssetIdRemapUtility", "Unity.ProBuilder.AssetIdRemapUtility.csproj", "{16D116A4-92D7-91D8-D0B6-57B98884E4D8}"
EndProject
Project("{FAE04EC0-301F-11D3-BF4B-00C04F79EFBC}") = "UnityEditor.UI", "UnityEditor.UI.csproj", "{A6E79342-6449-6C9F-4CBD-70D2BA048D30}"
EndProject
Project("{FAE04EC0-301F-11D3-BF4B-00C04F79EFBC}") = "Unity.Settings.Editor", "Unity.Settings.Editor.csproj", "{DF204CC6-37E8-D5F6-CDCA-F4E851BE069D}"
EndProject
Project("{FAE04EC0-301F-11D3-BF4B-00C04F79EFBC}") = "Assembly-CSharp-Editor", "Assembly-CSharp-Editor.csproj", "{3861A856-6D9C-BF28-63B3-6D0DB63F4901}"
EndProject
Project("{FAE04EC0-301F-11D3-BF4B-00C04F79EFBC}") = "Unity.VisualScripting.Shared.Editor", "Unity.VisualScripting.Shared.Editor.csproj", "{3B0F527A-1FF3-D44F-ED36-1B3DEF3B69EF}"
EndProject
Project("{FAE04EC0-301F-11D3-BF4B-00C04F79EFBC}") = "Unity.ProBuilder.AddOns.Editor", "Unity.ProBuilder.AddOns.Editor.csproj", "{B79B92B3-DE3C-3795-00BE-214AD6757A94}"
EndProject
Project("{FAE04EC0-301F-11D3-BF4B-00C04F79EFBC}") = "UnityEngine.TestRunner", "UnityEngine.TestRunner.Player.csproj", "{2ED0AB2A-4907-63E6-294D-915786B2F065}"
EndProject
Project("{FAE04EC0-301F-11D3-BF4B-00C04F79EFBC}") = "Unity.VisualScripting.Flow", "Unity.VisualScripting.Flow.Player.csproj", "{6884A0F9-9EDA-C0F0-941F-D5865E194B2F}"
EndProject
Project("{FAE04EC0-301F-11D3-BF4B-00C04F79EFBC}") = "Unity.VisualScripting.State", "Unity.VisualScripting.State.Player.csproj", "{080C92EB-6131-7723-46F1-91AB0CF53327}"
EndProject
Project("{FAE04EC0-301F-11D3-BF4B-00C04F79EFBC}") = "UnityEngine.UI", "UnityEngine.UI.Player.csproj", "{0645BA81-D1EC-0492-DFC8-8586EAF4FAE4}"
EndProject
Project("{FAE04EC0-301F-11D3-BF4B-00C04F79EFBC}") = "Unity.VisualScripting.Core", "Unity.VisualScripting.Core.Player.csproj", "{F2389943-E199-244B-A911-ADD2EA5ECCFC}"
EndProject
Project("{FAE04EC0-301F-11D3-BF4B-00C04F79EFBC}") = "Unity.TextMeshPro", "Unity.TextMeshPro.Player.csproj", "{E17DE081-1C55-CA9D-D1F2-D4E629A454C9}"
EndProject
Project("{FAE04EC0-301F-11D3-BF4B-00C04F79EFBC}") = "Unity.ProBuilder.Poly2Tri", "Unity.ProBuilder.Poly2Tri.Player.csproj", "{ABF62787-EF22-1E93-85D4-EE2EA430F944}"
EndProject
Project("{FAE04EC0-301F-11D3-BF4B-00C04F79EFBC}") = "Unity.Timeline", "Unity.Timeline.Player.csproj", "{8808413F-7B3F-7F7F-ABC9-0E374CF635B6}"
EndProject
Project("{FAE04EC0-301F-11D3-BF4B-00C04F79EFBC}") = "Unity.ProBuilder", "Unity.ProBuilder.Player.csproj", "{AEF9FB16-2E13-5A9F-92B4-0A7411358C5F}"
EndProject
Project("{FAE04EC0-301F-11D3-BF4B-00C04F79EFBC}") = "Unity.ProBuilder.Csg", "Unity.ProBuilder.Csg.Player.csproj", "{9E16B2F9-C1A7-0DD8-8750-4683A70D87C3}"
EndProject
Project("{FAE04EC0-301F-11D3-BF4B-00C04F79EFBC}") = "Unity.ProBuilder.KdTree", "Unity.ProBuilder.KdTree.Player.csproj", "{322A938F-3BC4-F476-261B-E670E957B5CC}"
EndProject
Project("{FAE04EC0-301F-11D3-BF4B-00C04F79EFBC}") = "Assembly-CSharp", "Assembly-CSharp.Player.csproj", "{79C0C8EA-F829-65CD-B197-9788BE85F9BF}"
EndProject
Project("{FAE04EC0-301F-11D3-BF4B-00C04F79EFBC}") = "Unity.ProBuilder.Stl", "Unity.ProBuilder.Stl.Player.csproj", "{9726D7E2-1336-D9E2-DC5A-BDDA7ED41A13}"
EndProject
Global
	GlobalSection(SolutionConfigurationPlatforms) = preSolution
		Debug|Any CPU = Debug|Any CPU
		Release|Any CPU = Release|Any CPU
	EndGlobalSection
	GlobalSection(ProjectConfigurationPlatforms) = postSolution
		{8D30C626-880E-EB75-CE60-1A1A336A4B36}.Debug|Any CPU.ActiveCfg = Debug|Any CPU
		{8D30C626-880E-EB75-CE60-1A1A336A4B36}.Debug|Any CPU.Build.0 = Debug|Any CPU
		{8D30C626-880E-EB75-CE60-1A1A336A4B36}.Release|Any CPU.ActiveCfg = Release|Any CPU
		{8D30C626-880E-EB75-CE60-1A1A336A4B36}.Release|Any CPU.Build.0 = Release|Any CPU
		{FB4658B1-C11C-3B38-A877-6F81A3A79C21}.Debug|Any CPU.ActiveCfg = Debug|Any CPU
		{FB4658B1-C11C-3B38-A877-6F81A3A79C21}.Debug|Any CPU.Build.0 = Debug|Any CPU
		{FB4658B1-C11C-3B38-A877-6F81A3A79C21}.Release|Any CPU.ActiveCfg = Release|Any CPU
		{FB4658B1-C11C-3B38-A877-6F81A3A79C21}.Release|Any CPU.Build.0 = Release|Any CPU
		{351B3CF8-9B89-3702-D5BD-D28185766E42}.Debug|Any CPU.ActiveCfg = Debug|Any CPU
		{351B3CF8-9B89-3702-D5BD-D28185766E42}.Debug|Any CPU.Build.0 = Debug|Any CPU
		{351B3CF8-9B89-3702-D5BD-D28185766E42}.Release|Any CPU.ActiveCfg = Release|Any CPU
		{351B3CF8-9B89-3702-D5BD-D28185766E42}.Release|Any CPU.Build.0 = Release|Any CPU
		{8EA41A80-6066-A145-C955-C90780F357B5}.Debug|Any CPU.ActiveCfg = Debug|Any CPU
		{8EA41A80-6066-A145-C955-C90780F357B5}.Debug|Any CPU.Build.0 = Debug|Any CPU
		{8EA41A80-6066-A145-C955-C90780F357B5}.Release|Any CPU.ActiveCfg = Release|Any CPU
		{8EA41A80-6066-A145-C955-C90780F357B5}.Release|Any CPU.Build.0 = Release|Any CPU
		{A5DE8B10-472B-75F0-6EBD-3002BAE0067D}.Debug|Any CPU.ActiveCfg = Debug|Any CPU
		{A5DE8B10-472B-75F0-6EBD-3002BAE0067D}.Debug|Any CPU.Build.0 = Debug|Any CPU
		{A5DE8B10-472B-75F0-6EBD-3002BAE0067D}.Release|Any CPU.ActiveCfg = Release|Any CPU
		{A5DE8B10-472B-75F0-6EBD-3002BAE0067D}.Release|Any CPU.Build.0 = Release|Any CPU
		{B32ECB52-5CD0-458E-5B43-45A4A6AB06C6}.Debug|Any CPU.ActiveCfg = Debug|Any CPU
		{B32ECB52-5CD0-458E-5B43-45A4A6AB06C6}.Debug|Any CPU.Build.0 = Debug|Any CPU
		{B32ECB52-5CD0-458E-5B43-45A4A6AB06C6}.Release|Any CPU.ActiveCfg = Release|Any CPU
		{B32ECB52-5CD0-458E-5B43-45A4A6AB06C6}.Release|Any CPU.Build.0 = Release|Any CPU
		{8423A693-EFD8-5F5D-182B-6BDB62CF4B5A}.Debug|Any CPU.ActiveCfg = Debug|Any CPU
		{8423A693-EFD8-5F5D-182B-6BDB62CF4B5A}.Debug|Any CPU.Build.0 = Debug|Any CPU
		{8423A693-EFD8-5F5D-182B-6BDB62CF4B5A}.Release|Any CPU.ActiveCfg = Release|Any CPU
		{8423A693-EFD8-5F5D-182B-6BDB62CF4B5A}.Release|Any CPU.Build.0 = Release|Any CPU
		{FC18396C-9E82-8F88-BC70-E78E66152A08}.Debug|Any CPU.ActiveCfg = Debug|Any CPU
		{FC18396C-9E82-8F88-BC70-E78E66152A08}.Debug|Any CPU.Build.0 = Debug|Any CPU
		{FC18396C-9E82-8F88-BC70-E78E66152A08}.Release|Any CPU.ActiveCfg = Release|Any CPU
		{FC18396C-9E82-8F88-BC70-E78E66152A08}.Release|Any CPU.Build.0 = Release|Any CPU
		{51DE54C5-1C1C-102E-B236-2C652E717EF5}.Debug|Any CPU.ActiveCfg = Debug|Any CPU
		{51DE54C5-1C1C-102E-B236-2C652E717EF5}.Debug|Any CPU.Build.0 = Debug|Any CPU
		{51DE54C5-1C1C-102E-B236-2C652E717EF5}.Release|Any CPU.ActiveCfg = Release|Any CPU
		{51DE54C5-1C1C-102E-B236-2C652E717EF5}.Release|Any CPU.Build.0 = Release|Any CPU
		{0D77EFC6-4965-9DE1-586B-DEBCD897E3B8}.Debug|Any CPU.ActiveCfg = Debug|Any CPU
		{0D77EFC6-4965-9DE1-586B-DEBCD897E3B8}.Debug|Any CPU.Build.0 = Debug|Any CPU
		{0D77EFC6-4965-9DE1-586B-DEBCD897E3B8}.Release|Any CPU.ActiveCfg = Release|Any CPU
		{0D77EFC6-4965-9DE1-586B-DEBCD897E3B8}.Release|Any CPU.Build.0 = Release|Any CPU
		{B15C2F15-C97C-92AF-B78E-C92EF8406693}.Debug|Any CPU.ActiveCfg = Debug|Any CPU
		{B15C2F15-C97C-92AF-B78E-C92EF8406693}.Debug|Any CPU.Build.0 = Debug|Any CPU
		{B15C2F15-C97C-92AF-B78E-C92EF8406693}.Release|Any CPU.ActiveCfg = Release|Any CPU
		{B15C2F15-C97C-92AF-B78E-C92EF8406693}.Release|Any CPU.Build.0 = Release|Any CPU
		{F63D0B86-DACC-83E3-EC5C-241E9FC7031C}.Debug|Any CPU.ActiveCfg = Debug|Any CPU
		{F63D0B86-DACC-83E3-EC5C-241E9FC7031C}.Debug|Any CPU.Build.0 = Debug|Any CPU
		{F63D0B86-DACC-83E3-EC5C-241E9FC7031C}.Release|Any CPU.ActiveCfg = Release|Any CPU
		{F63D0B86-DACC-83E3-EC5C-241E9FC7031C}.Release|Any CPU.Build.0 = Release|Any CPU
		{6E8F3311-F747-30DC-7A9D-270584DB2EF2}.Debug|Any CPU.ActiveCfg = Debug|Any CPU
		{6E8F3311-F747-30DC-7A9D-270584DB2EF2}.Debug|Any CPU.Build.0 = Debug|Any CPU
		{6E8F3311-F747-30DC-7A9D-270584DB2EF2}.Release|Any CPU.ActiveCfg = Release|Any CPU
		{6E8F3311-F747-30DC-7A9D-270584DB2EF2}.Release|Any CPU.Build.0 = Release|Any CPU
		{BC8B4BC3-9F50-036C-62DC-3476827CC856}.Debug|Any CPU.ActiveCfg = Debug|Any CPU
		{BC8B4BC3-9F50-036C-62DC-3476827CC856}.Debug|Any CPU.Build.0 = Debug|Any CPU
		{BC8B4BC3-9F50-036C-62DC-3476827CC856}.Release|Any CPU.ActiveCfg = Release|Any CPU
		{BC8B4BC3-9F50-036C-62DC-3476827CC856}.Release|Any CPU.Build.0 = Release|Any CPU
		{44345B01-AD2A-F784-9D49-10ACB95DB338}.Debug|Any CPU.ActiveCfg = Debug|Any CPU
		{44345B01-AD2A-F784-9D49-10ACB95DB338}.Debug|Any CPU.Build.0 = Debug|Any CPU
		{44345B01-AD2A-F784-9D49-10ACB95DB338}.Release|Any CPU.ActiveCfg = Release|Any CPU
		{44345B01-AD2A-F784-9D49-10ACB95DB338}.Release|Any CPU.Build.0 = Release|Any CPU
		{C552D4B0-B99D-D3D7-A584-4A1BA5B9978C}.Debug|Any CPU.ActiveCfg = Debug|Any CPU
		{C552D4B0-B99D-D3D7-A584-4A1BA5B9978C}.Debug|Any CPU.Build.0 = Debug|Any CPU
		{C552D4B0-B99D-D3D7-A584-4A1BA5B9978C}.Release|Any CPU.ActiveCfg = Release|Any CPU
		{C552D4B0-B99D-D3D7-A584-4A1BA5B9978C}.Release|Any CPU.Build.0 = Release|Any CPU
		{6ED9C6D3-CBE9-7F63-E77A-575E7C5AA468}.Debug|Any CPU.ActiveCfg = Debug|Any CPU
		{6ED9C6D3-CBE9-7F63-E77A-575E7C5AA468}.Debug|Any CPU.Build.0 = Debug|Any CPU
		{6ED9C6D3-CBE9-7F63-E77A-575E7C5AA468}.Release|Any CPU.ActiveCfg = Release|Any CPU
		{6ED9C6D3-CBE9-7F63-E77A-575E7C5AA468}.Release|Any CPU.Build.0 = Release|Any CPU
		{198F7031-4F1B-D6B0-1CA3-03C117A52AE7}.Debug|Any CPU.ActiveCfg = Debug|Any CPU
		{198F7031-4F1B-D6B0-1CA3-03C117A52AE7}.Debug|Any CPU.Build.0 = Debug|Any CPU
		{198F7031-4F1B-D6B0-1CA3-03C117A52AE7}.Release|Any CPU.ActiveCfg = Release|Any CPU
		{198F7031-4F1B-D6B0-1CA3-03C117A52AE7}.Release|Any CPU.Build.0 = Release|Any CPU
		{1E67148D-E4AA-CF2C-406E-275B9C451B59}.Debug|Any CPU.ActiveCfg = Debug|Any CPU
		{1E67148D-E4AA-CF2C-406E-275B9C451B59}.Debug|Any CPU.Build.0 = Debug|Any CPU
		{1E67148D-E4AA-CF2C-406E-275B9C451B59}.Release|Any CPU.ActiveCfg = Release|Any CPU
		{1E67148D-E4AA-CF2C-406E-275B9C451B59}.Release|Any CPU.Build.0 = Release|Any CPU
		{5E04F614-D423-1D06-5819-4D9958862C88}.Debug|Any CPU.ActiveCfg = Debug|Any CPU
		{5E04F614-D423-1D06-5819-4D9958862C88}.Debug|Any CPU.Build.0 = Debug|Any CPU
		{5E04F614-D423-1D06-5819-4D9958862C88}.Release|Any CPU.ActiveCfg = Release|Any CPU
		{5E04F614-D423-1D06-5819-4D9958862C88}.Release|Any CPU.Build.0 = Release|Any CPU
		{09DEA396-A88B-3B39-F010-279446EC4CFE}.Debug|Any CPU.ActiveCfg = Debug|Any CPU
		{09DEA396-A88B-3B39-F010-279446EC4CFE}.Debug|Any CPU.Build.0 = Debug|Any CPU
		{09DEA396-A88B-3B39-F010-279446EC4CFE}.Release|Any CPU.ActiveCfg = Release|Any CPU
		{09DEA396-A88B-3B39-F010-279446EC4CFE}.Release|Any CPU.Build.0 = Release|Any CPU
		{B735A036-D5D0-B9D7-653D-06A3298136BE}.Debug|Any CPU.ActiveCfg = Debug|Any CPU
		{B735A036-D5D0-B9D7-653D-06A3298136BE}.Debug|Any CPU.Build.0 = Debug|Any CPU
		{B735A036-D5D0-B9D7-653D-06A3298136BE}.Release|Any CPU.ActiveCfg = Release|Any CPU
		{B735A036-D5D0-B9D7-653D-06A3298136BE}.Release|Any CPU.Build.0 = Release|Any CPU
		{4E3AE7CD-8C55-8547-A0C9-484B7C765906}.Debug|Any CPU.ActiveCfg = Debug|Any CPU
		{4E3AE7CD-8C55-8547-A0C9-484B7C765906}.Debug|Any CPU.Build.0 = Debug|Any CPU
		{4E3AE7CD-8C55-8547-A0C9-484B7C765906}.Release|Any CPU.ActiveCfg = Release|Any CPU
		{4E3AE7CD-8C55-8547-A0C9-484B7C765906}.Release|Any CPU.Build.0 = Release|Any CPU
		{1EF09AE4-150A-A2E5-F541-841553E86DAF}.Debug|Any CPU.ActiveCfg = Debug|Any CPU
		{1EF09AE4-150A-A2E5-F541-841553E86DAF}.Debug|Any CPU.Build.0 = Debug|Any CPU
		{1EF09AE4-150A-A2E5-F541-841553E86DAF}.Release|Any CPU.ActiveCfg = Release|Any CPU
		{1EF09AE4-150A-A2E5-F541-841553E86DAF}.Release|Any CPU.Build.0 = Release|Any CPU
		{19FCED9A-4265-76A3-E9D6-9C3AD89358D8}.Debug|Any CPU.ActiveCfg = Debug|Any CPU
		{19FCED9A-4265-76A3-E9D6-9C3AD89358D8}.Debug|Any CPU.Build.0 = Debug|Any CPU
		{19FCED9A-4265-76A3-E9D6-9C3AD89358D8}.Release|Any CPU.ActiveCfg = Release|Any CPU
		{19FCED9A-4265-76A3-E9D6-9C3AD89358D8}.Release|Any CPU.Build.0 = Release|Any CPU
		{6D734F63-D3F5-9AF6-BCF9-2E0599424397}.Debug|Any CPU.ActiveCfg = Debug|Any CPU
		{6D734F63-D3F5-9AF6-BCF9-2E0599424397}.Debug|Any CPU.Build.0 = Debug|Any CPU
		{6D734F63-D3F5-9AF6-BCF9-2E0599424397}.Release|Any CPU.ActiveCfg = Release|Any CPU
		{6D734F63-D3F5-9AF6-BCF9-2E0599424397}.Release|Any CPU.Build.0 = Release|Any CPU
		{87FB18E4-6587-AA1D-D424-0BF97EFA4560}.Debug|Any CPU.ActiveCfg = Debug|Any CPU
		{87FB18E4-6587-AA1D-D424-0BF97EFA4560}.Debug|Any CPU.Build.0 = Debug|Any CPU
		{87FB18E4-6587-AA1D-D424-0BF97EFA4560}.Release|Any CPU.ActiveCfg = Release|Any CPU
		{87FB18E4-6587-AA1D-D424-0BF97EFA4560}.Release|Any CPU.Build.0 = Release|Any CPU
		{16D116A4-92D7-91D8-D0B6-57B98884E4D8}.Debug|Any CPU.ActiveCfg = Debug|Any CPU
		{16D116A4-92D7-91D8-D0B6-57B98884E4D8}.Debug|Any CPU.Build.0 = Debug|Any CPU
		{16D116A4-92D7-91D8-D0B6-57B98884E4D8}.Release|Any CPU.ActiveCfg = Release|Any CPU
		{16D116A4-92D7-91D8-D0B6-57B98884E4D8}.Release|Any CPU.Build.0 = Release|Any CPU
		{A6E79342-6449-6C9F-4CBD-70D2BA048D30}.Debug|Any CPU.ActiveCfg = Debug|Any CPU
		{A6E79342-6449-6C9F-4CBD-70D2BA048D30}.Debug|Any CPU.Build.0 = Debug|Any CPU
		{A6E79342-6449-6C9F-4CBD-70D2BA048D30}.Release|Any CPU.ActiveCfg = Release|Any CPU
		{A6E79342-6449-6C9F-4CBD-70D2BA048D30}.Release|Any CPU.Build.0 = Release|Any CPU
		{DF204CC6-37E8-D5F6-CDCA-F4E851BE069D}.Debug|Any CPU.ActiveCfg = Debug|Any CPU
		{DF204CC6-37E8-D5F6-CDCA-F4E851BE069D}.Debug|Any CPU.Build.0 = Debug|Any CPU
		{DF204CC6-37E8-D5F6-CDCA-F4E851BE069D}.Release|Any CPU.ActiveCfg = Release|Any CPU
		{DF204CC6-37E8-D5F6-CDCA-F4E851BE069D}.Release|Any CPU.Build.0 = Release|Any CPU
		{3861A856-6D9C-BF28-63B3-6D0DB63F4901}.Debug|Any CPU.ActiveCfg = Debug|Any CPU
		{3861A856-6D9C-BF28-63B3-6D0DB63F4901}.Debug|Any CPU.Build.0 = Debug|Any CPU
		{3861A856-6D9C-BF28-63B3-6D0DB63F4901}.Release|Any CPU.ActiveCfg = Release|Any CPU
		{3861A856-6D9C-BF28-63B3-6D0DB63F4901}.Release|Any CPU.Build.0 = Release|Any CPU
		{3B0F527A-1FF3-D44F-ED36-1B3DEF3B69EF}.Debug|Any CPU.ActiveCfg = Debug|Any CPU
		{3B0F527A-1FF3-D44F-ED36-1B3DEF3B69EF}.Debug|Any CPU.Build.0 = Debug|Any CPU
		{3B0F527A-1FF3-D44F-ED36-1B3DEF3B69EF}.Release|Any CPU.ActiveCfg = Release|Any CPU
		{3B0F527A-1FF3-D44F-ED36-1B3DEF3B69EF}.Release|Any CPU.Build.0 = Release|Any CPU
		{B79B92B3-DE3C-3795-00BE-214AD6757A94}.Debug|Any CPU.ActiveCfg = Debug|Any CPU
		{B79B92B3-DE3C-3795-00BE-214AD6757A94}.Debug|Any CPU.Build.0 = Debug|Any CPU
		{B79B92B3-DE3C-3795-00BE-214AD6757A94}.Release|Any CPU.ActiveCfg = Release|Any CPU
		{B79B92B3-DE3C-3795-00BE-214AD6757A94}.Release|Any CPU.Build.0 = Release|Any CPU
		{2ED0AB2A-4907-63E6-294D-915786B2F065}.Debug|Any CPU.ActiveCfg = Debug|Any CPU
		{2ED0AB2A-4907-63E6-294D-915786B2F065}.Debug|Any CPU.Build.0 = Debug|Any CPU
		{2ED0AB2A-4907-63E6-294D-915786B2F065}.Release|Any CPU.ActiveCfg = Release|Any CPU
		{2ED0AB2A-4907-63E6-294D-915786B2F065}.Release|Any CPU.Build.0 = Release|Any CPU
		{6884A0F9-9EDA-C0F0-941F-D5865E194B2F}.Debug|Any CPU.ActiveCfg = Debug|Any CPU
		{6884A0F9-9EDA-C0F0-941F-D5865E194B2F}.Debug|Any CPU.Build.0 = Debug|Any CPU
		{6884A0F9-9EDA-C0F0-941F-D5865E194B2F}.Release|Any CPU.ActiveCfg = Release|Any CPU
		{6884A0F9-9EDA-C0F0-941F-D5865E194B2F}.Release|Any CPU.Build.0 = Release|Any CPU
		{080C92EB-6131-7723-46F1-91AB0CF53327}.Debug|Any CPU.ActiveCfg = Debug|Any CPU
		{080C92EB-6131-7723-46F1-91AB0CF53327}.Debug|Any CPU.Build.0 = Debug|Any CPU
		{080C92EB-6131-7723-46F1-91AB0CF53327}.Release|Any CPU.ActiveCfg = Release|Any CPU
		{080C92EB-6131-7723-46F1-91AB0CF53327}.Release|Any CPU.Build.0 = Release|Any CPU
		{0645BA81-D1EC-0492-DFC8-8586EAF4FAE4}.Debug|Any CPU.ActiveCfg = Debug|Any CPU
		{0645BA81-D1EC-0492-DFC8-8586EAF4FAE4}.Debug|Any CPU.Build.0 = Debug|Any CPU
		{0645BA81-D1EC-0492-DFC8-8586EAF4FAE4}.Release|Any CPU.ActiveCfg = Release|Any CPU
		{0645BA81-D1EC-0492-DFC8-8586EAF4FAE4}.Release|Any CPU.Build.0 = Release|Any CPU
		{F2389943-E199-244B-A911-ADD2EA5ECCFC}.Debug|Any CPU.ActiveCfg = Debug|Any CPU
		{F2389943-E199-244B-A911-ADD2EA5ECCFC}.Debug|Any CPU.Build.0 = Debug|Any CPU
		{F2389943-E199-244B-A911-ADD2EA5ECCFC}.Release|Any CPU.ActiveCfg = Release|Any CPU
		{F2389943-E199-244B-A911-ADD2EA5ECCFC}.Release|Any CPU.Build.0 = Release|Any CPU
		{E17DE081-1C55-CA9D-D1F2-D4E629A454C9}.Debug|Any CPU.ActiveCfg = Debug|Any CPU
		{E17DE081-1C55-CA9D-D1F2-D4E629A454C9}.Debug|Any CPU.Build.0 = Debug|Any CPU
		{E17DE081-1C55-CA9D-D1F2-D4E629A454C9}.Release|Any CPU.ActiveCfg = Release|Any CPU
		{E17DE081-1C55-CA9D-D1F2-D4E629A454C9}.Release|Any CPU.Build.0 = Release|Any CPU
		{ABF62787-EF22-1E93-85D4-EE2EA430F944}.Debug|Any CPU.ActiveCfg = Debug|Any CPU
		{ABF62787-EF22-1E93-85D4-EE2EA430F944}.Debug|Any CPU.Build.0 = Debug|Any CPU
		{ABF62787-EF22-1E93-85D4-EE2EA430F944}.Release|Any CPU.ActiveCfg = Release|Any CPU
		{ABF62787-EF22-1E93-85D4-EE2EA430F944}.Release|Any CPU.Build.0 = Release|Any CPU
		{8808413F-7B3F-7F7F-ABC9-0E374CF635B6}.Debug|Any CPU.ActiveCfg = Debug|Any CPU
		{8808413F-7B3F-7F7F-ABC9-0E374CF635B6}.Debug|Any CPU.Build.0 = Debug|Any CPU
		{8808413F-7B3F-7F7F-ABC9-0E374CF635B6}.Release|Any CPU.ActiveCfg = Release|Any CPU
		{8808413F-7B3F-7F7F-ABC9-0E374CF635B6}.Release|Any CPU.Build.0 = Release|Any CPU
		{AEF9FB16-2E13-5A9F-92B4-0A7411358C5F}.Debug|Any CPU.ActiveCfg = Debug|Any CPU
		{AEF9FB16-2E13-5A9F-92B4-0A7411358C5F}.Debug|Any CPU.Build.0 = Debug|Any CPU
		{AEF9FB16-2E13-5A9F-92B4-0A7411358C5F}.Release|Any CPU.ActiveCfg = Release|Any CPU
		{AEF9FB16-2E13-5A9F-92B4-0A7411358C5F}.Release|Any CPU.Build.0 = Release|Any CPU
		{9E16B2F9-C1A7-0DD8-8750-4683A70D87C3}.Debug|Any CPU.ActiveCfg = Debug|Any CPU
		{9E16B2F9-C1A7-0DD8-8750-4683A70D87C3}.Debug|Any CPU.Build.0 = Debug|Any CPU
		{9E16B2F9-C1A7-0DD8-8750-4683A70D87C3}.Release|Any CPU.ActiveCfg = Release|Any CPU
		{9E16B2F9-C1A7-0DD8-8750-4683A70D87C3}.Release|Any CPU.Build.0 = Release|Any CPU
		{322A938F-3BC4-F476-261B-E670E957B5CC}.Debug|Any CPU.ActiveCfg = Debug|Any CPU
		{322A938F-3BC4-F476-261B-E670E957B5CC}.Debug|Any CPU.Build.0 = Debug|Any CPU
		{322A938F-3BC4-F476-261B-E670E957B5CC}.Release|Any CPU.ActiveCfg = Release|Any CPU
		{322A938F-3BC4-F476-261B-E670E957B5CC}.Release|Any CPU.Build.0 = Release|Any CPU
		{79C0C8EA-F829-65CD-B197-9788BE85F9BF}.Debug|Any CPU.ActiveCfg = Debug|Any CPU
		{79C0C8EA-F829-65CD-B197-9788BE85F9BF}.Debug|Any CPU.Build.0 = Debug|Any CPU
		{79C0C8EA-F829-65CD-B197-9788BE85F9BF}.Release|Any CPU.ActiveCfg = Release|Any CPU
		{79C0C8EA-F829-65CD-B197-9788BE85F9BF}.Release|Any CPU.Build.0 = Release|Any CPU
		{9726D7E2-1336-D9E2-DC5A-BDDA7ED41A13}.Debug|Any CPU.ActiveCfg = Debug|Any CPU
		{9726D7E2-1336-D9E2-DC5A-BDDA7ED41A13}.Debug|Any CPU.Build.0 = Debug|Any CPU
		{9726D7E2-1336-D9E2-DC5A-BDDA7ED41A13}.Release|Any CPU.ActiveCfg = Release|Any CPU
		{9726D7E2-1336-D9E2-DC5A-BDDA7ED41A13}.Release|Any CPU.Build.0 = Release|Any CPU
	EndGlobalSection
	GlobalSection(SolutionProperties) = preSolution
		HideSolutionNode = FALSE
	EndGlobalSection
EndGlobal
